
Microsoft Visual Studio Solution File, Format Version 12.00
# Visual Studio Version 17
VisualStudioVersion = 17.6.33829.357
MinimumVisualStudioVersion = 10.0.40219.1
Project("{FAE04EC0-301F-11D3-BF4B-00C04F79EFBC}") = "DnDProject", "DnDProject\DnDProject.csproj", "{EDC0B1B7-4A8C-413E-9E11-8C672FD64324}"
EndProject
Global
	GlobalSection(SolutionConfigurationPlatforms) = preSolution
		Debug|Any CPU = Debug|Any CPU
		Release|Any CPU = Release|Any CPU
	EndGlobalSection
	GlobalSection(ProjectConfigurationPlatforms) = postSolution
		{EDC0B1B7-4A8C-413E-9E11-8C672FD64324}.Debug|Any CPU.ActiveCfg = Debug|Any CPU
		{EDC0B1B7-4A8C-413E-9E11-8C672FD64324}.Debug|Any CPU.Build.0 = Debug|Any CPU
		{EDC0B1B7-4A8C-413E-9E11-8C672FD64324}.Release|Any CPU.ActiveCfg = Release|Any CPU
		{EDC0B1B7-4A8C-413E-9E11-8C672FD64324}.Release|Any CPU.Build.0 = Release|Any CPU
	EndGlobalSection
	GlobalSection(SolutionProperties) = preSolution
		HideSolutionNode = FALSE
	EndGlobalSection
	GlobalSection(ExtensibilityGlobals) = postSolution
		SolutionGuid = {1E24F633-131A-4A79-A705-7E233C0F72C6}
	EndGlobalSection
EndGlobal
